
Microsoft Visual Studio Solution File, Format Version 12.00
# Visual Studio Version 17
VisualStudioVersion = 17.4.33110.190
MinimumVisualStudioVersion = 10.0.40219.1
Project("{FAE04EC0-301F-11D3-BF4B-00C04F79EFBC}") = "MVCAula1", "MVCAula1\MVCAula1.csproj", "{B87581B4-00BE-47DC-9326-9DECADC466F7}"
EndProject
Project("{FAE04EC0-301F-11D3-BF4B-00C04F79EFBC}") = "revisao3b", "revisao3b\revisao3b.csproj", "{2C23BD2C-DB9F-4A48-BC04-59EC4376B8CC}"
EndProject
Global
	GlobalSection(SolutionConfigurationPlatforms) = preSolution
		Debug|Any CPU = Debug|Any CPU
		Release|Any CPU = Release|Any CPU
	EndGlobalSection
	GlobalSection(ProjectConfigurationPlatforms) = postSolution
		{B87581B4-00BE-47DC-9326-9DECADC466F7}.Debug|Any CPU.ActiveCfg = Debug|Any CPU
		{B87581B4-00BE-47DC-9326-9DECADC466F7}.Debug|Any CPU.Build.0 = Debug|Any CPU
		{B87581B4-00BE-47DC-9326-9DECADC466F7}.Release|Any CPU.ActiveCfg = Release|Any CPU
		{B87581B4-00BE-47DC-9326-9DECADC466F7}.Release|Any CPU.Build.0 = Release|Any CPU
		{2C23BD2C-DB9F-4A48-BC04-59EC4376B8CC}.Debug|Any CPU.ActiveCfg = Debug|Any CPU
		{2C23BD2C-DB9F-4A48-BC04-59EC4376B8CC}.Debug|Any CPU.Build.0 = Debug|Any CPU
		{2C23BD2C-DB9F-4A48-BC04-59EC4376B8CC}.Release|Any CPU.ActiveCfg = Release|Any CPU
		{2C23BD2C-DB9F-4A48-BC04-59EC4376B8CC}.Release|Any CPU.Build.0 = Release|Any CPU
	EndGlobalSection
	GlobalSection(SolutionProperties) = preSolution
		HideSolutionNode = FALSE
	EndGlobalSection
	GlobalSection(ExtensibilityGlobals) = postSolution
		SolutionGuid = {5F46F683-64B3-4FB7-8B94-5B4977EE181E}
	EndGlobalSection
EndGlobal
